// !$*UTF8*$!
{
	archiveVersion = 1;
	classes = {
	};
	objectVersion = 48;
	objects = {

/* Begin PBXBuildFile section */
		0D0C171550B8169807C45E92 /* Pods_Dojo2.framework in Frameworks */ = {isa = PBXBuildFile; fileRef = C97963C2CAE980CDBB7BE4A3 /* Pods_Dojo2.framework */; };
		841D8454201440BD000F7A04 /* AppDelegate.swift in Sources */ = {isa = PBXBuildFile; fileRef = 841D8453201440BD000F7A04 /* AppDelegate.swift */; };
		841D845B201440BD000F7A04 /* Assets.xcassets in Resources */ = {isa = PBXBuildFile; fileRef = 841D845A201440BD000F7A04 /* Assets.xcassets */; };
		841D845E201440BD000F7A04 /* LaunchScreen.storyboard in Resources */ = {isa = PBXBuildFile; fileRef = 841D845C201440BD000F7A04 /* LaunchScreen.storyboard */; };
		841D846720144228000F7A04 /* MainViewController.swift in Sources */ = {isa = PBXBuildFile; fileRef = 841D846520144228000F7A04 /* MainViewController.swift */; };
		841D846820144228000F7A04 /* MainViewController.xib in Resources */ = {isa = PBXBuildFile; fileRef = 841D846620144228000F7A04 /* MainViewController.xib */; };
		841D846A20144277000F7A04 /* Network.swift in Sources */ = {isa = PBXBuildFile; fileRef = 841D846920144277000F7A04 /* Network.swift */; };
		841D846C201442FC000F7A04 /* Starship.swift in Sources */ = {isa = PBXBuildFile; fileRef = 841D846B201442FC000F7A04 /* Starship.swift */; };
		843AE9EB20144D7F00D0CD28 /* StarshipEnclosure.swift in Sources */ = {isa = PBXBuildFile; fileRef = 843AE9EA20144D7F00D0CD28 /* StarshipEnclosure.swift */; };
		84D3927B201559A0003C83CA /* StarshipCell.swift in Sources */ = {isa = PBXBuildFile; fileRef = 84D39279201559A0003C83CA /* StarshipCell.swift */; };
		84D3927C201559A0003C83CA /* StarshipCell.xib in Resources */ = {isa = PBXBuildFile; fileRef = 84D3927A201559A0003C83CA /* StarshipCell.xib */; };
		84FACC8820B3ADE9001CCC7B /* Provider.swift in Sources */ = {isa = PBXBuildFile; fileRef = 84FACC8720B3ADE9001CCC7B /* Provider.swift */; };
/* End PBXBuildFile section */

/* Begin PBXFileReference section */
		0249172DCA4EDAD9D2CCB515 /* Pods-Dojo2.debug.xcconfig */ = {isa = PBXFileReference; includeInIndex = 1; lastKnownFileType = text.xcconfig; name = "Pods-Dojo2.debug.xcconfig"; path = "Pods/Target Support Files/Pods-Dojo2/Pods-Dojo2.debug.xcconfig"; sourceTree = "<group>"; };
		841D8450201440BD000F7A04 /* Dojo2.app */ = {isa = PBXFileReference; explicitFileType = wrapper.application; includeInIndex = 0; path = Dojo2.app; sourceTree = BUILT_PRODUCTS_DIR; };
		841D8453201440BD000F7A04 /* AppDelegate.swift */ = {isa = PBXFileReference; lastKnownFileType = sourcecode.swift; path = AppDelegate.swift; sourceTree = "<group>"; };
		841D845A201440BD000F7A04 /* Assets.xcassets */ = {isa = PBXFileReference; lastKnownFileType = folder.assetcatalog; path = Assets.xcassets; sourceTree = "<group>"; };
		841D845D201440BD000F7A04 /* Base */ = {isa = PBXFileReference; lastKnownFileType = file.storyboard; name = Base; path = Base.lproj/LaunchScreen.storyboard; sourceTree = "<group>"; };
		841D845F201440BD000F7A04 /* Info.plist */ = {isa = PBXFileReference; lastKnownFileType = text.plist.xml; path = Info.plist; sourceTree = "<group>"; };
		841D846520144228000F7A04 /* MainViewController.swift */ = {isa = PBXFileReference; lastKnownFileType = sourcecode.swift; path = MainViewController.swift; sourceTree = "<group>"; };
		841D846620144228000F7A04 /* MainViewController.xib */ = {isa = PBXFileReference; lastKnownFileType = file.xib; path = MainViewController.xib; sourceTree = "<group>"; };
		841D846920144277000F7A04 /* Network.swift */ = {isa = PBXFileReference; lastKnownFileType = sourcecode.swift; path = Network.swift; sourceTree = "<group>"; };
		841D846B201442FC000F7A04 /* Starship.swift */ = {isa = PBXFileReference; lastKnownFileType = sourcecode.swift; path = Starship.swift; sourceTree = "<group>"; };
		843AE9EA20144D7F00D0CD28 /* StarshipEnclosure.swift */ = {isa = PBXFileReference; lastKnownFileType = sourcecode.swift; path = StarshipEnclosure.swift; sourceTree = "<group>"; };
		84D39279201559A0003C83CA /* StarshipCell.swift */ = {isa = PBXFileReference; lastKnownFileType = sourcecode.swift; path = StarshipCell.swift; sourceTree = "<group>"; };
		84D3927A201559A0003C83CA /* StarshipCell.xib */ = {isa = PBXFileReference; lastKnownFileType = file.xib; path = StarshipCell.xib; sourceTree = "<group>"; };
		84FACC8720B3ADE9001CCC7B /* Provider.swift */ = {isa = PBXFileReference; lastKnownFileType = sourcecode.swift; path = Provider.swift; sourceTree = "<group>"; };
		AAF5F31F2BF9FC7E2FB3B4E0 /* Pods-Dojo2.release.xcconfig */ = {isa = PBXFileReference; includeInIndex = 1; lastKnownFileType = text.xcconfig; name = "Pods-Dojo2.release.xcconfig"; path = "Pods/Target Support Files/Pods-Dojo2/Pods-Dojo2.release.xcconfig"; sourceTree = "<group>"; };
		C97963C2CAE980CDBB7BE4A3 /* Pods_Dojo2.framework */ = {isa = PBXFileReference; explicitFileType = wrapper.framework; includeInIndex = 0; path = Pods_Dojo2.framework; sourceTree = BUILT_PRODUCTS_DIR; };
/* End PBXFileReference section */

/* Begin PBXFrameworksBuildPhase section */
		841D844D201440BD000F7A04 /* Frameworks */ = {
			isa = PBXFrameworksBuildPhase;
			buildActionMask = 2147483647;
			files = (
				0D0C171550B8169807C45E92 /* Pods_Dojo2.framework in Frameworks */,
			);
			runOnlyForDeploymentPostprocessing = 0;
		};
/* End PBXFrameworksBuildPhase section */

/* Begin PBXGroup section */
		5CDF4FEA9E7508C4E0CBB64E /* Frameworks */ = {
			isa = PBXGroup;
			children = (
				C97963C2CAE980CDBB7BE4A3 /* Pods_Dojo2.framework */,
			);
			name = Frameworks;
			sourceTree = "<group>";
		};
		7F4DFDC56A3B1BC48B84BDCD /* Pods */ = {
			isa = PBXGroup;
			children = (
				0249172DCA4EDAD9D2CCB515 /* Pods-Dojo2.debug.xcconfig */,
				AAF5F31F2BF9FC7E2FB3B4E0 /* Pods-Dojo2.release.xcconfig */,
			);
			name = Pods;
			sourceTree = "<group>";
		};
		841D8447201440BD000F7A04 = {
			isa = PBXGroup;
			children = (
				841D8452201440BD000F7A04 /* Dojo2 */,
				841D8451201440BD000F7A04 /* Products */,
				7F4DFDC56A3B1BC48B84BDCD /* Pods */,
				5CDF4FEA9E7508C4E0CBB64E /* Frameworks */,
			);
			sourceTree = "<group>";
		};
		841D8451201440BD000F7A04 /* Products */ = {
			isa = PBXGroup;
			children = (
				841D8450201440BD000F7A04 /* Dojo2.app */,
			);
			name = Products;
			sourceTree = "<group>";
		};
		841D8452201440BD000F7A04 /* Dojo2 */ = {
			isa = PBXGroup;
			children = (
				84FACC8620B3ADDA001CCC7B /* Network */,
				841D8453201440BD000F7A04 /* AppDelegate.swift */,
				841D845A201440BD000F7A04 /* Assets.xcassets */,
				841D845C201440BD000F7A04 /* LaunchScreen.storyboard */,
				841D845F201440BD000F7A04 /* Info.plist */,
				841D846520144228000F7A04 /* MainViewController.swift */,
				841D846620144228000F7A04 /* MainViewController.xib */,
				841D846B201442FC000F7A04 /* Starship.swift */,
				843AE9EA20144D7F00D0CD28 /* StarshipEnclosure.swift */,
				84D39279201559A0003C83CA /* StarshipCell.swift */,
				84D3927A201559A0003C83CA /* StarshipCell.xib */,
			);
			path = Dojo2;
			sourceTree = "<group>";
		};
		84FACC8620B3ADDA001CCC7B /* Network */ = {
			isa = PBXGroup;
			children = (
				841D846920144277000F7A04 /* Network.swift */,
				84FACC8720B3ADE9001CCC7B /* Provider.swift */,
			);
			path = Network;
			sourceTree = "<group>";
		};
/* End PBXGroup section */

/* Begin PBXNativeTarget section */
		841D844F201440BD000F7A04 /* Dojo2 */ = {
			isa = PBXNativeTarget;
			buildConfigurationList = 841D8462201440BD000F7A04 /* Build configuration list for PBXNativeTarget "Dojo2" */;
			buildPhases = (
				D9F750540F2C77DAE1AC105E /* [CP] Check Pods Manifest.lock */,
				841D844C201440BD000F7A04 /* Sources */,
				841D844D201440BD000F7A04 /* Frameworks */,
				841D844E201440BD000F7A04 /* Resources */,
				6C2BDAAB9499333E8C7BBAFD /* [CP] Embed Pods Frameworks */,
			);
			buildRules = (
			);
			dependencies = (
			);
			name = Dojo2;
			productName = Dojo2;
			productReference = 841D8450201440BD000F7A04 /* Dojo2.app */;
			productType = "com.apple.product-type.application";
		};
/* End PBXNativeTarget section */

/* Begin PBXProject section */
		841D8448201440BD000F7A04 /* Project object */ = {
			isa = PBXProject;
			attributes = {
				LastSwiftUpdateCheck = 0920;
				LastUpgradeCheck = 0920;
				ORGANIZATIONNAME = "Blue Origami";
				TargetAttributes = {
					841D844F201440BD000F7A04 = {
						CreatedOnToolsVersion = 9.2;
						ProvisioningStyle = Automatic;
					};
				};
			};
			buildConfigurationList = 841D844B201440BD000F7A04 /* Build configuration list for PBXProject "Dojo2" */;
			compatibilityVersion = "Xcode 8.0";
			developmentRegion = en;
			hasScannedForEncodings = 0;
			knownRegions = (
				en,
				Base,
			);
			mainGroup = 841D8447201440BD000F7A04;
			productRefGroup = 841D8451201440BD000F7A04 /* Products */;
			projectDirPath = "";
			projectRoot = "";
			targets = (
				841D844F201440BD000F7A04 /* Dojo2 */,
			);
		};
/* End PBXProject section */

/* Begin PBXResourcesBuildPhase section */
		841D844E201440BD000F7A04 /* Resources */ = {
			isa = PBXResourcesBuildPhase;
			buildActionMask = 2147483647;
			files = (
				841D845E201440BD000F7A04 /* LaunchScreen.storyboard in Resources */,
				841D846820144228000F7A04 /* MainViewController.xib in Resources */,
				841D845B201440BD000F7A04 /* Assets.xcassets in Resources */,
				84D3927C201559A0003C83CA /* StarshipCell.xib in Resources */,
			);
			runOnlyForDeploymentPostprocessing = 0;
		};
/* End PBXResourcesBuildPhase section */

/* Begin PBXShellScriptBuildPhase section */
		6C2BDAAB9499333E8C7BBAFD /* [CP] Embed Pods Frameworks */ = {
			isa = PBXShellScriptBuildPhase;
			buildActionMask = 2147483647;
			files = (
			);
			inputPaths = (
				"${SRCROOT}/Pods/Target Support Files/Pods-Dojo2/Pods-Dojo2-frameworks.sh",
				"${BUILT_PRODUCTS_DIR}/Alamofire/Alamofire.framework",
				"${BUILT_PRODUCTS_DIR}/Moya/Moya.framework",
				"${BUILT_PRODUCTS_DIR}/Moya-ObjectMapper/Moya_ObjectMapper.framework",
				"${BUILT_PRODUCTS_DIR}/ObjectMapper/ObjectMapper.framework",
				"${BUILT_PRODUCTS_DIR}/Result/Result.framework",
				"${BUILT_PRODUCTS_DIR}/RxCocoa/RxCocoa.framework",
				"${BUILT_PRODUCTS_DIR}/RxSwift/RxSwift.framework",
				"${BUILT_PRODUCTS_DIR}/SkeletonView/SkeletonView.framework",
			);
			name = "[CP] Embed Pods Frameworks";
			outputPaths = (
				"${TARGET_BUILD_DIR}/${FRAMEWORKS_FOLDER_PATH}/Alamofire.framework",
				"${TARGET_BUILD_DIR}/${FRAMEWORKS_FOLDER_PATH}/Moya.framework",
				"${TARGET_BUILD_DIR}/${FRAMEWORKS_FOLDER_PATH}/Moya_ObjectMapper.framework",
				"${TARGET_BUILD_DIR}/${FRAMEWORKS_FOLDER_PATH}/ObjectMapper.framework",
				"${TARGET_BUILD_DIR}/${FRAMEWORKS_FOLDER_PATH}/Result.framework",
				"${TARGET_BUILD_DIR}/${FRAMEWORKS_FOLDER_PATH}/RxCocoa.framework",
				"${TARGET_BUILD_DIR}/${FRAMEWORKS_FOLDER_PATH}/RxSwift.framework",
				"${TARGET_BUILD_DIR}/${FRAMEWORKS_FOLDER_PATH}/SkeletonView.framework",
			);
			runOnlyForDeploymentPostprocessing = 0;
			shellPath = /bin/sh;
			shellScript = "\"${SRCROOT}/Pods/Target Support Files/Pods-Dojo2/Pods-Dojo2-frameworks.sh\"\n";
			showEnvVarsInLog = 0;
		};
		D9F750540F2C77DAE1AC105E /* [CP] Check Pods Manifest.lock */ = {
			isa = PBXShellScriptBuildPhase;
			buildActionMask = 2147483647;
			files = (
			);
			inputPaths = (
				"${PODS_PODFILE_DIR_PATH}/Podfile.lock",
				"${PODS_ROOT}/Manifest.lock",
			);
			name = "[CP] Check Pods Manifest.lock";
			outputPaths = (
				"$(DERIVED_FILE_DIR)/Pods-Dojo2-checkManifestLockResult.txt",
			);
			runOnlyForDeploymentPostprocessing = 0;
			shellPath = /bin/sh;
			shellScript = "diff \"${PODS_PODFILE_DIR_PATH}/Podfile.lock\" \"${PODS_ROOT}/Manifest.lock\" > /dev/null\nif [ $? != 0 ] ; then\n    # print error to STDERR\n    echo \"error: The sandbox is not in sync with the Podfile.lock. Run 'pod install' or update your CocoaPods installation.\" >&2\n    exit 1\nfi\n# This output is used by Xcode 'outputs' to avoid re-running this script phase.\necho \"SUCCESS\" > \"${SCRIPT_OUTPUT_FILE_0}\"\n";
			showEnvVarsInLog = 0;
		};
/* End PBXShellScriptBuildPhase section */

/* Begin PBXSourcesBuildPhase section */
		841D844C201440BD000F7A04 /* Sources */ = {
			isa = PBXSourcesBuildPhase;
			buildActionMask = 2147483647;
			files = (
				841D8454201440BD000F7A04 /* AppDelegate.swift in Sources */,
				841D846720144228000F7A04 /* MainViewController.swift in Sources */,
				84FACC8820B3ADE9001CCC7B /* Provider.swift in Sources */,
				843AE9EB20144D7F00D0CD28 /* StarshipEnclosure.swift in Sources */,
				841D846A20144277000F7A04 /* Network.swift in Sources */,
				841D846C201442FC000F7A04 /* Starship.swift in Sources */,
				84D3927B201559A0003C83CA /* StarshipCell.swift in Sources */,
			);
			runOnlyForDeploymentPostprocessing = 0;
		};
/* End PBXSourcesBuildPhase section */

/* Begin PBXVariantGroup section */
		841D845C201440BD000F7A04 /* LaunchScreen.storyboard */ = {
			isa = PBXVariantGroup;
			children = (
				841D845D201440BD000F7A04 /* Base */,
			);
			name = LaunchScreen.storyboard;
			sourceTree = "<group>";
		};
/* End PBXVariantGroup section */

/* Begin XCBuildConfiguration section */
		841D8460201440BD000F7A04 /* Debug */ = {
			isa = XCBuildConfiguration;
			buildSettings = {
				ALWAYS_SEARCH_USER_PATHS = NO;
				CLANG_ANALYZER_NONNULL = YES;
				CLANG_ANALYZER_NUMBER_OBJECT_CONVERSION = YES_AGGRESSIVE;
				CLANG_CXX_LANGUAGE_STANDARD = "gnu++14";
				CLANG_CXX_LIBRARY = "libc++";
				CLANG_ENABLE_MODULES = YES;
				CLANG_ENABLE_OBJC_ARC = YES;
				CLANG_WARN_BLOCK_CAPTURE_AUTORELEASING = YES;
				CLANG_WARN_BOOL_CONVERSION = YES;
				CLANG_WARN_COMMA = YES;
				CLANG_WARN_CONSTANT_CONVERSION = YES;
				CLANG_WARN_DIRECT_OBJC_ISA_USAGE = YES_ERROR;
				CLANG_WARN_DOCUMENTATION_COMMENTS = YES;
				CLANG_WARN_EMPTY_BODY = YES;
				CLANG_WARN_ENUM_CONVERSION = YES;
				CLANG_WARN_INFINITE_RECURSION = YES;
				CLANG_WARN_INT_CONVERSION = YES;
				CLANG_WARN_NON_LITERAL_NULL_CONVERSION = YES;
				CLANG_WARN_OBJC_LITERAL_CONVERSION = YES;
				CLANG_WARN_OBJC_ROOT_CLASS = YES_ERROR;
				CLANG_WARN_RANGE_LOOP_ANALYSIS = YES;
				CLANG_WARN_STRICT_PROTOTYPES = YES;
				CLANG_WARN_SUSPICIOUS_MOVE = YES;
				CLANG_WARN_UNGUARDED_AVAILABILITY = YES_AGGRESSIVE;
				CLANG_WARN_UNREACHABLE_CODE = YES;
				CLANG_WARN__DUPLICATE_METHOD_MATCH = YES;
				CODE_SIGN_IDENTITY = "iPhone Developer";
				COPY_PHASE_STRIP = NO;
				DEBUG_INFORMATION_FORMAT = dwarf;
				ENABLE_STRICT_OBJC_MSGSEND = YES;
				ENABLE_TESTABILITY = YES;
				GCC_C_LANGUAGE_STANDARD = gnu11;
				GCC_DYNAMIC_NO_PIC = NO;
				GCC_NO_COMMON_BLOCKS = YES;
				GCC_OPTIMIZATION_LEVEL = 0;
				GCC_PREPROCESSOR_DEFINITIONS = (
					"DEBUG=1",
					"$(inherited)",
				);
				GCC_WARN_64_TO_32_BIT_CONVERSION = YES;
				GCC_WARN_ABOUT_RETURN_TYPE = YES_ERROR;
				GCC_WARN_UNDECLARED_SELECTOR = YES;
				GCC_WARN_UNINITIALIZED_AUTOS = YES_AGGRESSIVE;
				GCC_WARN_UNUSED_FUNCTION = YES;
				GCC_WARN_UNUSED_VARIABLE = YES;
				IPHONEOS_DEPLOYMENT_TARGET = 11.2;
				MTL_ENABLE_DEBUG_INFO = YES;
				ONLY_ACTIVE_ARCH = YES;
				SDKROOT = iphoneos;
				SWIFT_ACTIVE_COMPILATION_CONDITIONS = DEBUG;
				SWIFT_OPTIMIZATION_LEVEL = "-Onone";
			};
			name = Debug;
		};
		841D8461201440BD000F7A04 /* Release */ = {
			isa = XCBuildConfiguration;
			buildSettings = {
				ALWAYS_SEARCH_USER_PATHS = NO;
				CLANG_ANALYZER_NONNULL = YES;
				CLANG_ANALYZER_NUMBER_OBJECT_CONVERSION = YES_AGGRESSIVE;
				CLANG_CXX_LANGUAGE_STANDARD = "gnu++14";
				CLANG_CXX_LIBRARY = "libc++";
				CLANG_ENABLE_MODULES = YES;
				CLANG_ENABLE_OBJC_ARC = YES;
				CLANG_WARN_BLOCK_CAPTURE_AUTORELEASING = YES;
				CLANG_WARN_BOOL_CONVERSION = YES;
				CLANG_WARN_COMMA = YES;
				CLANG_WARN_CONSTANT_CONVERSION = YES;
				CLANG_WARN_DIRECT_OBJC_ISA_USAGE = YES_ERROR;
				CLANG_WARN_DOCUMENTATION_COMMENTS = YES;
				CLANG_WARN_EMPTY_BODY = YES;
				CLANG_WARN_ENUM_CONVERSION = YES;
				CLANG_WARN_INFINITE_RECURSION = YES;
				CLANG_WARN_INT_CONVERSION = YES;
				CLANG_WARN_NON_LITERAL_NULL_CONVERSION = YES;
				CLANG_WARN_OBJC_LITERAL_CONVERSION = YES;
				CLANG_WARN_OBJC_ROOT_CLASS = YES_ERROR;
				CLANG_WARN_RANGE_LOOP_ANALYSIS = YES;
				CLANG_WARN_STRICT_PROTOTYPES = YES;
				CLANG_WARN_SUSPICIOUS_MOVE = YES;
				CLANG_WARN_UNGUARDED_AVAILABILITY = YES_AGGRESSIVE;
				CLANG_WARN_UNREACHABLE_CODE = YES;
				CLANG_WARN__DUPLICATE_METHOD_MATCH = YES;
				CODE_SIGN_IDENTITY = "iPhone Developer";
				COPY_PHASE_STRIP = NO;
				DEBUG_INFORMATION_FORMAT = "dwarf-with-dsym";
				ENABLE_NS_ASSERTIONS = NO;
				ENABLE_STRICT_OBJC_MSGSEND = YES;
				GCC_C_LANGUAGE_STANDARD = gnu11;
				GCC_NO_COMMON_BLOCKS = YES;
				GCC_WARN_64_TO_32_BIT_CONVERSION = YES;
				GCC_WARN_ABOUT_RETURN_TYPE = YES_ERROR;
				GCC_WARN_UNDECLARED_SELECTOR = YES;
				GCC_WARN_UNINITIALIZED_AUTOS = YES_AGGRESSIVE;
				GCC_WARN_UNUSED_FUNCTION = YES;
				GCC_WARN_UNUSED_VARIABLE = YES;
				IPHONEOS_DEPLOYMENT_TARGET = 11.2;
				MTL_ENABLE_DEBUG_INFO = NO;
				SDKROOT = iphoneos;
				SWIFT_OPTIMIZATION_LEVEL = "-Owholemodule";
				VALIDATE_PRODUCT = YES;
			};
			name = Release;
		};
		841D8463201440BD000F7A04 /* Debug */ = {
			isa = XCBuildConfiguration;
			baseConfigurationReference = 0249172DCA4EDAD9D2CCB515 /* Pods-Dojo2.debug.xcconfig */;
			buildSettings = {
				ASSETCATALOG_COMPILER_APPICON_NAME = AppIcon;
				CODE_SIGN_STYLE = Automatic;
				DEVELOPMENT_TEAM = C5SR9GRPP6;
				INFOPLIST_FILE = Dojo2/Info.plist;
				LD_RUNPATH_SEARCH_PATHS = "$(inherited) @executable_path/Frameworks";
				PRODUCT_BUNDLE_IDENTIFIER = com.blue.origami.Dojo2;
				PRODUCT_NAME = "$(TARGET_NAME)";
				SWIFT_VERSION = 4.0;
				TARGETED_DEVICE_FAMILY = "1,2";
			};
			name = Debug;
		};
		841D8464201440BD000F7A04 /* Release */ = {
			isa = XCBuildConfiguration;
			baseConfigurationReference = AAF5F31F2BF9FC7E2FB3B4E0 /* Pods-Dojo2.release.xcconfig */;
			buildSettings = {
				ASSETCATALOG_COMPILER_APPICON_NAME = AppIcon;
				CODE_SIGN_STYLE = Automatic;
				DEVELOPMENT_TEAM = C5SR9GRPP6;
				INFOPLIST_FILE = Dojo2/Info.plist;
				LD_RUNPATH_SEARCH_PATHS = "$(inherited) @executable_path/Frameworks";
				PRODUCT_BUNDLE_IDENTIFIER = com.blue.origami.Dojo2;
				PRODUCT_NAME = "$(TARGET_NAME)";
				SWIFT_VERSION = 4.0;
				TARGETED_DEVICE_FAMILY = "1,2";
			};
			name = Release;
		};
/* End XCBuildConfiguration section */

/* Begin XCConfigurationList section */
		841D844B201440BD000F7A04 /* Build configuration list for PBXProject "Dojo2" */ = {
			isa = XCConfigurationList;
			buildConfigurations = (
				841D8460201440BD000F7A04 /* Debug */,
				841D8461201440BD000F7A04 /* Release */,
			);
			defaultConfigurationIsVisible = 0;
			defaultConfigurationName = Release;
		};
		841D8462201440BD000F7A04 /* Build configuration list for PBXNativeTarget "Dojo2" */ = {
			isa = XCConfigurationList;
			buildConfigurations = (
				841D8463201440BD000F7A04 /* Debug */,
				841D8464201440BD000F7A04 /* Release */,
			);
			defaultConfigurationIsVisible = 0;
			defaultConfigurationName = Release;
		};
/* End XCConfigurationList section */
	};
	rootObject = 841D8448201440BD000F7A04 /* Project object */;
}
