PODS:
  - Alamofire (4.7.2)
  - HGPlaceholders (0.3.0)
  - Moya (10.0.2):
    - Moya/Core (= 10.0.2)
  - Moya-ObjectMapper/Core (2.5):
    - Moya (~> 10.0.0)
    - ObjectMapper (~> 3.0.0)
  - Moya-ObjectMapper/RxSwift (2.5):
    - Moya-ObjectMapper/Core
    - Moya/RxSwift
    - RxSwift (~> 4.0.0)
  - Moya/Core (10.0.2):
    - Alamofire (~> 4.1)
    - Result (~> 3.0)
  - Moya/RxSwift (10.0.2):
    - Moya/Core
    - RxSwift (~> 4.0)
  - ObjectMapper (3.0.0)
  - Result (3.2.4)
  - RxCocoa (4.1.2):
    - RxSwift (~> 4.0)
  - RxSwift (4.0.0)

DEPENDENCIES:
  - HGPlaceholders
  - Moya-ObjectMapper/RxSwift
  - RxCocoa
  - RxSwift

SPEC REPOS:
  https://github.com/CocoaPods/Specs.git:
    - Alamofire
    - HGPlaceholders
    - Moya
    - Moya-ObjectMapper
    - ObjectMapper
    - Result
    - RxCocoa
    - RxSwift

SPEC CHECKSUMS:
  Alamofire: e4fa87002c137ba2d8d634d2c51fabcda0d5c223
  HGPlaceholders: 2df01c51b04a30acd0b8c9c7161c7cdde4541109
  Moya: 2b0531a9fef318e0bc484030c3db1e6f279ccb66
  Moya-ObjectMapper: 167adf69db0298bf3a19ea05cb9a16ee117c8ef5
  ObjectMapper: 92230db59bf8f341a5c3a3cf0b9fbdde3cf0d87f
  Result: d2d07204ce72856f1fd9130bbe42c35a7b0fea10
  RxCocoa: d88ba0f1f6abf040011a9eb4b539324fc426843a
  RxSwift: fd680d75283beb5e2559486f3c0ff852f0d35334

PODFILE CHECKSUM: 866b84168d697a41f95ead7929e74b9f2f3aabd4

COCOAPODS: 1.5.0
